Microsoft Visual Studio Solution File, Format Version 11.00
# Visual Studio 2008

Project("{84861A61-C2E8-F545-E5D6-2B000BEAE812}") = "heroslot", "Assembly-CSharp.csproj", "{29FCF03D-AF09-DF30-622E-D49AAA2BC0B8}"
EndProject
Project("{84861A61-C2E8-F545-E5D6-2B000BEAE812}") = "heroslot", "Assembly-CSharp-Editor.csproj", "{981D57B9-C4D5-0060-F04C-5593BA5A419C}"
EndProject
Global
	GlobalSection(SolutionConfigurationPlatforms) = preSolution
		Debug|Any CPU = Debug|Any CPU
		Release|Any CPU = Release|Any CPU
	EndGlobalSection
	GlobalSection(ProjectConfigurationPlatforms) = postSolution
		{29FCF03D-AF09-DF30-622E-D49AAA2BC0B8}.Debug|Any CPU.ActiveCfg = Debug|Any CPU
		{29FCF03D-AF09-DF30-622E-D49AAA2BC0B8}.Debug|Any CPU.Build.0 = Debug|Any CPU
		{29FCF03D-AF09-DF30-622E-D49AAA2BC0B8}.Release|Any CPU.ActiveCfg = Release|Any CPU
		{29FCF03D-AF09-DF30-622E-D49AAA2BC0B8}.Release|Any CPU.Build.0 = Release|Any CPU
		{981D57B9-C4D5-0060-F04C-5593BA5A419C}.Debug|Any CPU.ActiveCfg = Debug|Any CPU
		{981D57B9-C4D5-0060-F04C-5593BA5A419C}.Debug|Any CPU.Build.0 = Debug|Any CPU
		{981D57B9-C4D5-0060-F04C-5593BA5A419C}.Release|Any CPU.ActiveCfg = Release|Any CPU
		{981D57B9-C4D5-0060-F04C-5593BA5A419C}.Release|Any CPU.Build.0 = Release|Any CPU
	EndGlobalSection
	GlobalSection(SolutionProperties) = preSolution
		HideSolutionNode = FALSE
	EndGlobalSection
	GlobalSection(MonoDevelopProperties) = preSolution
		StartupItem = Assembly-CSharp.csproj
	EndGlobalSection
EndGlobal
